
Microsoft Visual Studio Solution File, Format Version 12.00
# Visual Studio 15
VisualStudioVersion = 15.0.28307.106
MinimumVisualStudioVersion = 10.0.40219.1
Project("{FAE04EC0-301F-11D3-BF4B-00C04F79EFBC}") = "Extension Methods", "Extension Methods\Extension Methods.csproj", "{AAFA83BF-1B5C-4B63-83B3-D5A9FE9127DD}"
EndProject
Global
	GlobalSection(SolutionConfigurationPlatforms) = preSolution
		Debug|Any CPU = Debug|Any CPU
		Release|Any CPU = Release|Any CPU
	EndGlobalSection
	GlobalSection(ProjectConfigurationPlatforms) = postSolution
		{AAFA83BF-1B5C-4B63-83B3-D5A9FE9127DD}.Debug|Any CPU.ActiveCfg = Debug|Any CPU
		{AAFA83BF-1B5C-4B63-83B3-D5A9FE9127DD}.Debug|Any CPU.Build.0 = Debug|Any CPU
		{AAFA83BF-1B5C-4B63-83B3-D5A9FE9127DD}.Release|Any CPU.ActiveCfg = Release|Any CPU
		{AAFA83BF-1B5C-4B63-83B3-D5A9FE9127DD}.Release|Any CPU.Build.0 = Release|Any CPU
	EndGlobalSection
	GlobalSection(SolutionProperties) = preSolution
		HideSolutionNode = FALSE
	EndGlobalSection
	GlobalSection(ExtensibilityGlobals) = postSolution
		SolutionGuid = {7309B915-4E15-4B0F-8FCD-6BDC821D5C9F}
	EndGlobalSection
EndGlobal
